# This file is automatically @generated by Cargo.
# It is not intended for manual editing.
version = 4

[[package]]
name = "lanekeep-cache"
version = "0.1.0"

[[package]]
name = "lanekeep-cli"
version = "0.1.0"

[[package]]
name = "lanekeep-config"
version = "0.1.0"

[[package]]
name = "lanekeep-core"
version = "0.1.0"

[[package]]
name = "lanekeep-js"
version = "0.1.0"

[[package]]
name = "lanekeep-lang"
version = "0.1.0"

[[package]]
name = "lanekeep-lang-js"
version = "0.1.0"

[[package]]
name = "lanekeep-query"
version = "0.1.0"

[[package]]
name = "lanekeep-report"
version = "0.1.0"

[[package]]
name = "lanekeep-rules"
version = "0.1.0"

[[package]]
name = "lanekeep-testkit"
version = "0.1.0"
